// !$*UTF8*$!
{
	archiveVersion = 1;
	classes = {
	};
	objectVersion = 45;
	objects = {

/* Begin PBXBuildFile section */
		1563EC40119581F900EBDE16 /* MMStatusViewController.m in Sources */ = {isa = PBXBuildFile; fileRef = 1563EC3F119581F900EBDE16 /* MMStatusViewController.m */; };
		1563EC43119582E000EBDE16 /* MMStatusDataSource.m in Sources */ = {isa = PBXBuildFile; fileRef = 1563EC42119582E000EBDE16 /* MMStatusDataSource.m */; };
		1563EC541195849000EBDE16 /* MMStatus.m in Sources */ = {isa = PBXBuildFile; fileRef = 1563EC531195849000EBDE16 /* MMStatus.m */; };
		1563EC591195889400EBDE16 /* MMStatusModel.m in Sources */ = {isa = PBXBuildFile; fileRef = 1563EC581195889400EBDE16 /* MMStatusModel.m */; };
		1563ED2A1195972700EBDE16 /* libextThree20JSON+YAJL.a in Frameworks */ = {isa = PBXBuildFile; fileRef = 1563ED21119596C400EBDE16 /* libextThree20JSON+YAJL.a */; };
		1563ED4B119597FF00EBDE16 /* Atlas.m in Sources */ = {isa = PBXBuildFile; fileRef = 1563ED4A119597FF00EBDE16 /* Atlas.m */; };
		1563EE5E1195AC3100EBDE16 /* MMTrack.m in Sources */ = {isa = PBXBuildFile; fileRef = 1563EE5D1195AC3100EBDE16 /* MMTrack.m */; };
		1563F1161196D79800EBDE16 /* default_cover.png in Resources */ = {isa = PBXBuildFile; fileRef = 1563F1141196D79800EBDE16 /* default_cover.png */; };
		1563F1171196D79800EBDE16 /* Icon.png in Resources */ = {isa = PBXBuildFile; fileRef = 1563F1151196D79800EBDE16 /* Icon.png */; };
		1563F1801196E3C000EBDE16 /* Settings.bundle in Resources */ = {isa = PBXBuildFile; fileRef = 1563F17F1196E3C000EBDE16 /* Settings.bundle */; };
		1563F1B01196F54200EBDE16 /* MMPlaylistTrack.m in Sources */ = {isa = PBXBuildFile; fileRef = 1563F1AF1196F54200EBDE16 /* MMPlaylistTrack.m */; };
		1D60589B0D05DD56006BFB54 /* main.m in Sources */ = {isa = PBXBuildFile; fileRef = 29B97316FDCFA39411CA2CEA /* main.m */; };
		1D60589F0D05DD5A006BFB54 /* Foundation.framework in Frameworks */ = {isa = PBXBuildFile; fileRef = 1D30AB110D05D00D00671497 /* Foundation.framework */; };
		1DF5F4E00D08C38300B7A737 /* UIKit.framework in Frameworks */ = {isa = PBXBuildFile; fileRef = 1DF5F4DF0D08C38300B7A737 /* UIKit.framework */; };
		288765A50DF7441C002DB57D /* CoreGraphics.framework in Frameworks */ = {isa = PBXBuildFile; fileRef = 288765A40DF7441C002DB57D /* CoreGraphics.framework */; };
		28C3AD8A0F43EF2300507BA6 /* mmiphone.xcdatamodel in Sources */ = {isa = PBXBuildFile; fileRef = 28C3AD890F43EF2300507BA6 /* mmiphone.xcdatamodel */; };
		28D801B40F44B63D00FB423F /* CoreData.framework in Frameworks */ = {isa = PBXBuildFile; fileRef = 28D801B30F44B63D00FB423F /* CoreData.framework */; };
		6EF963EC118E96CC003902E7 /* libThree20.a in Frameworks */ = {isa = PBXBuildFile; fileRef = 6EF963E9118E96CA003902E7 /* libThree20.a */; };
		EB383C0610BBF8A40000B2D2 /* AppDelegate.m in Sources */ = {isa = PBXBuildFile; fileRef = EB383C0510BBF8A40000B2D2 /* AppDelegate.m */; };
		EB383C1410BBF8C70000B2D2 /* QuartzCore.framework in Frameworks */ = {isa = PBXBuildFile; fileRef = EB383C1310BBF8C70000B2D2 /* QuartzCore.framework */; };
		EB383D1110BBFC630000B2D2 /* Three20.bundle in Resources */ = {isa = PBXBuildFile; fileRef = EB383D1010BBFC630000B2D2 /* Three20.bundle */; };
/* End PBXBuildFile section */

/* Begin PBXContainerItemProxy section */
		1563ED1E119596C400EBDE16 /* PBXContainerItemProxy */ = {
			isa = PBXContainerItemProxy;
			containerPortal = 1563ED18119596C400EBDE16 /* extThree20JSON.xcodeproj */;
			proxyType = 2;
			remoteGlobalIDString = BEF31F3A0F352DF5000DE5D2;
			remoteInfo = "extThree20JSON+SBJSON";
		};
		1563ED20119596C400EBDE16 /* PBXContainerItemProxy */ = {
			isa = PBXContainerItemProxy;
			containerPortal = 1563ED18119596C400EBDE16 /* extThree20JSON.xcodeproj */;
			proxyType = 2;
			remoteGlobalIDString = 6E645BD91187751200F08CB1;
			remoteInfo = "extThree20JSON+YAJL";
		};
		1563ED22119596C400EBDE16 /* PBXContainerItemProxy */ = {
			isa = PBXContainerItemProxy;
			containerPortal = 1563ED18119596C400EBDE16 /* extThree20JSON.xcodeproj */;
			proxyType = 2;
			remoteGlobalIDString = EB9E6C6210B6A8F800DE563C;
			remoteInfo = UnitTestsSBJSON;
		};
		1563ED331195974D00EBDE16 /* PBXContainerItemProxy */ = {
			isa = PBXContainerItemProxy;
			containerPortal = 1563ED18119596C400EBDE16 /* extThree20JSON.xcodeproj */;
			proxyType = 1;
			remoteGlobalIDString = 6E645BA31187751200F08CB1;
			remoteInfo = "extThree20JSON+YAJL";
		};
		6EF963E8118E96CA003902E7 /* PBXContainerItemProxy */ = {
			isa = PBXContainerItemProxy;
			containerPortal = 6EF963BD118E96C9003902E7 /* Three20.xcodeproj */;
			proxyType = 2;
			remoteGlobalIDString = BEF31F3A0F352DF5000DE5D2;
			remoteInfo = Three20;
		};
		6EF963EA118E96CA003902E7 /* PBXContainerItemProxy */ = {
			isa = PBXContainerItemProxy;
			containerPortal = 6EF963BD118E96C9003902E7 /* Three20.xcodeproj */;
			proxyType = 2;
			remoteGlobalIDString = EB9E6C6210B6A8F800DE563C;
			remoteInfo = UnitTests;
		};
		6EF963ED118E96CF003902E7 /* PBXContainerItemProxy */ = {
			isa = PBXContainerItemProxy;
			containerPortal = 6EF963BD118E96C9003902E7 /* Three20.xcodeproj */;
			proxyType = 1;
			remoteGlobalIDString = BEF31F390F352DF5000DE5D2;
			remoteInfo = Three20;
		};
/* End PBXContainerItemProxy section */

/* Begin PBXFileReference section */
		1563EC3E119581F900EBDE16 /* MMStatusViewController.h */ = {isa = PBXFileReference; fileEncoding = 4; lastKnownFileType = sourcecode.c.h; path = MMStatusViewController.h; sourceTree = "<group>"; };
		1563EC3F119581F900EBDE16 /* MMStatusViewController.m */ = {isa = PBXFileReference; fileEncoding = 4; lastKnownFileType = sourcecode.c.objc; path = MMStatusViewController.m; sourceTree = "<group>"; };
		1563EC41119582E000EBDE16 /* MMStatusDataSource.h */ = {isa = PBXFileReference; fileEncoding = 4; lastKnownFileType = sourcecode.c.h; path = MMStatusDataSource.h; sourceTree = "<group>"; };
		1563EC42119582E000EBDE16 /* MMStatusDataSource.m */ = {isa = PBXFileReference; fileEncoding = 4; lastKnownFileType = sourcecode.c.objc; path = MMStatusDataSource.m; sourceTree = "<group>"; };
		1563EC521195849000EBDE16 /* MMStatus.h */ = {isa = PBXFileReference; fileEncoding = 4; lastKnownFileType = sourcecode.c.h; path = MMStatus.h; sourceTree = "<group>"; };
		1563EC531195849000EBDE16 /* MMStatus.m */ = {isa = PBXFileReference; fileEncoding = 4; lastKnownFileType = sourcecode.c.objc; path = MMStatus.m; sourceTree = "<group>"; };
		1563EC571195889400EBDE16 /* MMStatusModel.h */ = {isa = PBXFileReference; fileEncoding = 4; lastKnownFileType = sourcecode.c.h; path = MMStatusModel.h; sourceTree = "<group>"; };
		1563EC581195889400EBDE16 /* MMStatusModel.m */ = {isa = PBXFileReference; fileEncoding = 4; lastKnownFileType = sourcecode.c.objc; path = MMStatusModel.m; sourceTree = "<group>"; };
		1563ED18119596C400EBDE16 /* extThree20JSON.xcodeproj */ = {isa = PBXFileReference; lastKnownFileType = "wrapper.pb-project"; name = extThree20JSON.xcodeproj; path = ../three20/src/extThree20JSON/extThree20JSON.xcodeproj; sourceTree = SOURCE_ROOT; };
		1563ED49119597FF00EBDE16 /* Atlas.h */ = {isa = PBXFileReference; fileEncoding = 4; lastKnownFileType = sourcecode.c.h; path = Atlas.h; sourceTree = "<group>"; };
		1563ED4A119597FF00EBDE16 /* Atlas.m */ = {isa = PBXFileReference; fileEncoding = 4; lastKnownFileType = sourcecode.c.objc; path = Atlas.m; sourceTree = "<group>"; };
		1563EE5C1195AC3100EBDE16 /* MMTrack.h */ = {isa = PBXFileReference; fileEncoding = 4; lastKnownFileType = sourcecode.c.h; path = MMTrack.h; sourceTree = "<group>"; };
		1563EE5D1195AC3100EBDE16 /* MMTrack.m */ = {isa = PBXFileReference; fileEncoding = 4; lastKnownFileType = sourcecode.c.objc; path = MMTrack.m; sourceTree = "<group>"; };
		1563F1141196D79800EBDE16 /* default_cover.png */ = {isa = PBXFileReference; lastKnownFileType = image.png; path = default_cover.png; sourceTree = "<group>"; };
		1563F1151196D79800EBDE16 /* Icon.png */ = {isa = PBXFileReference; lastKnownFileType = image.png; path = Icon.png; sourceTree = "<group>"; };
		1563F17F1196E3C000EBDE16 /* Settings.bundle */ = {isa = PBXFileReference; lastKnownFileType = "wrapper.plug-in"; path = Settings.bundle; sourceTree = "<group>"; };
		1563F1AE1196F54200EBDE16 /* MMPlaylistTrack.h */ = {isa = PBXFileReference; fileEncoding = 4; lastKnownFileType = sourcecode.c.h; path = MMPlaylistTrack.h; sourceTree = "<group>"; };
		1563F1AF1196F54200EBDE16 /* MMPlaylistTrack.m */ = {isa = PBXFileReference; fileEncoding = 4; lastKnownFileType = sourcecode.c.objc; path = MMPlaylistTrack.m; sourceTree = "<group>"; };
		1D30AB110D05D00D00671497 /* Foundation.framework */ = {isa = PBXFileReference; lastKnownFileType = wrapper.framework; name = Foundation.framework; path = System/Library/Frameworks/Foundation.framework; sourceTree = SDKROOT; };
		1D6058910D05DD3D006BFB54 /* mmiphone.app */ = {isa = PBXFileReference; explicitFileType = wrapper.application; includeInIndex = 0; path = mmiphone.app; sourceTree = BUILT_PRODUCTS_DIR; };
		1DF5F4DF0D08C38300B7A737 /* UIKit.framework */ = {isa = PBXFileReference; lastKnownFileType = wrapper.framework; name = UIKit.framework; path = System/Library/Frameworks/UIKit.framework; sourceTree = SDKROOT; };
		288765A40DF7441C002DB57D /* CoreGraphics.framework */ = {isa = PBXFileReference; lastKnownFileType = wrapper.framework; name = CoreGraphics.framework; path = System/Library/Frameworks/CoreGraphics.framework; sourceTree = SDKROOT; };
		28C3AD890F43EF2300507BA6 /* mmiphone.xcdatamodel */ = {isa = PBXFileReference; fileEncoding = 4; lastKnownFileType = wrapper.xcdatamodel; path = mmiphone.xcdatamodel; sourceTree = "<group>"; };
		28D801B30F44B63D00FB423F /* CoreData.framework */ = {isa = PBXFileReference; lastKnownFileType = wrapper.framework; name = CoreData.framework; path = System/Library/Frameworks/CoreData.framework; sourceTree = SDKROOT; };
		29B97316FDCFA39411CA2CEA /* main.m */ = {isa = PBXFileReference; fileEncoding = 4; lastKnownFileType = sourcecode.c.objc; path = main.m; sourceTree = "<group>"; };
		32CA4F630368D1EE00C91783 /* mmiphone_Prefix.pch */ = {isa = PBXFileReference; fileEncoding = 4; lastKnownFileType = sourcecode.c.h; path = mmiphone_Prefix.pch; sourceTree = "<group>"; };
		6EF963BD118E96C9003902E7 /* Three20.xcodeproj */ = {isa = PBXFileReference; lastKnownFileType = "wrapper.pb-project"; name = Three20.xcodeproj; path = ../three20/src/Three20/Three20.xcodeproj; sourceTree = SOURCE_ROOT; };
		8D1107310486CEB800E47090 /* mmiphone-Info.plist */ = {isa = PBXFileReference; fileEncoding = 4; lastKnownFileType = text.plist.xml; path = "mmiphone-Info.plist"; sourceTree = "<group>"; };
		EB383C0410BBF8A40000B2D2 /* AppDelegate.h */ = {isa = PBXFileReference; fileEncoding = 4; lastKnownFileType = sourcecode.c.h; name = AppDelegate.h; path = Classes/AppDelegate.h; sourceTree = SOURCE_ROOT; };
		EB383C0510BBF8A40000B2D2 /* AppDelegate.m */ = {isa = PBXFileReference; fileEncoding = 4; lastKnownFileType = sourcecode.c.objc; name = AppDelegate.m; path = Classes/AppDelegate.m; sourceTree = SOURCE_ROOT; };
		EB383C1310BBF8C70000B2D2 /* QuartzCore.framework */ = {isa = PBXFileReference; lastKnownFileType = wrapper.framework; name = QuartzCore.framework; path = System/Library/Frameworks/QuartzCore.framework; sourceTree = SDKROOT; };
		EB383D1010BBFC630000B2D2 /* Three20.bundle */ = {isa = PBXFileReference; lastKnownFileType = "wrapper.plug-in"; name = Three20.bundle; path = ../three20/src/Three20.bundle; sourceTree = SOURCE_ROOT; };
/* End PBXFileReference section */

/* Begin PBXFrameworksBuildPhase section */
		1D60588F0D05DD3D006BFB54 /* Frameworks */ = {
			isa = PBXFrameworksBuildPhase;
			buildActionMask = 2147483647;
			files = (
				1D60589F0D05DD5A006BFB54 /* Foundation.framework in Frameworks */,
				1DF5F4E00D08C38300B7A737 /* UIKit.framework in Frameworks */,
				288765A50DF7441C002DB57D /* CoreGraphics.framework in Frameworks */,
				28D801B40F44B63D00FB423F /* CoreData.framework in Frameworks */,
				EB383C1410BBF8C70000B2D2 /* QuartzCore.framework in Frameworks */,
				6EF963EC118E96CC003902E7 /* libThree20.a in Frameworks */,
				1563ED2A1195972700EBDE16 /* libextThree20JSON+YAJL.a in Frameworks */,
			);
			runOnlyForDeploymentPostprocessing = 0;
		};
/* End PBXFrameworksBuildPhase section */

/* Begin PBXGroup section */
		080E96DDFE201D6D7F000001 /* Classes */ = {
			isa = PBXGroup;
			children = (
				1563F1AD1196F51D00EBDE16 /* Shared Objects */,
				1563EC37119580CC00EBDE16 /* Controllers */,
				EB383C0410BBF8A40000B2D2 /* AppDelegate.h */,
				EB383C0510BBF8A40000B2D2 /* AppDelegate.m */,
			);
			path = Classes;
			sourceTree = "<group>";
		};
		1563EC37119580CC00EBDE16 /* Controllers */ = {
			isa = PBXGroup;
			children = (
				1563EC38119580DE00EBDE16 /* Status Controller */,
			);
			name = Controllers;
			sourceTree = "<group>";
		};
		1563EC38119580DE00EBDE16 /* Status Controller */ = {
			isa = PBXGroup;
			children = (
				1563EC3E119581F900EBDE16 /* MMStatusViewController.h */,
				1563EC3F119581F900EBDE16 /* MMStatusViewController.m */,
				1563EC3C1195810C00EBDE16 /* Data Source */,
				1563EC3B1195810500EBDE16 /* Model */,
			);
			name = "Status Controller";
			sourceTree = "<group>";
		};
		1563EC3B1195810500EBDE16 /* Model */ = {
			isa = PBXGroup;
			children = (
				1563EC571195889400EBDE16 /* MMStatusModel.h */,
				1563EC581195889400EBDE16 /* MMStatusModel.m */,
				1563EC3D1195811F00EBDE16 /* Objects */,
			);
			name = Model;
			sourceTree = "<group>";
		};
		1563EC3C1195810C00EBDE16 /* Data Source */ = {
			isa = PBXGroup;
			children = (
				1563EC41119582E000EBDE16 /* MMStatusDataSource.h */,
				1563EC42119582E000EBDE16 /* MMStatusDataSource.m */,
			);
			name = "Data Source";
			sourceTree = "<group>";
		};
		1563EC3D1195811F00EBDE16 /* Objects */ = {
			isa = PBXGroup;
			children = (
				1563EC521195849000EBDE16 /* MMStatus.h */,
				1563EC531195849000EBDE16 /* MMStatus.m */,
				1563F1AE1196F54200EBDE16 /* MMPlaylistTrack.h */,
				1563F1AF1196F54200EBDE16 /* MMPlaylistTrack.m */,
			);
			name = Objects;
			sourceTree = "<group>";
		};
		1563ED19119596C400EBDE16 /* Products */ = {
			isa = PBXGroup;
			children = (
				1563ED1F119596C400EBDE16 /* libextThree20JSON+SBJSON.a */,
				1563ED21119596C400EBDE16 /* libextThree20JSON+YAJL.a */,
				1563ED23119596C400EBDE16 /* extJSONUnitTests.octest */,
			);
			name = Products;
			sourceTree = "<group>";
		};
		1563ED48119597F300EBDE16 /* Atlas */ = {
			isa = PBXGroup;
			children = (
				1563ED49119597FF00EBDE16 /* Atlas.h */,
				1563ED4A119597FF00EBDE16 /* Atlas.m */,
			);
			name = Atlas;
			sourceTree = "<group>";
		};
		1563F1AD1196F51D00EBDE16 /* Shared Objects */ = {
			isa = PBXGroup;
			children = (
				1563EE5C1195AC3100EBDE16 /* MMTrack.h */,
				1563EE5D1195AC3100EBDE16 /* MMTrack.m */,
			);
			name = "Shared Objects";
			sourceTree = "<group>";
		};
		19C28FACFE9D520D11CA2CBB /* Products */ = {
			isa = PBXGroup;
			children = (
				1D6058910D05DD3D006BFB54 /* mmiphone.app */,
			);
			name = Products;
			sourceTree = "<group>";
		};
		29B97314FDCFA39411CA2CEA /* CustomTemplate */ = {
			isa = PBXGroup;
			children = (
				1563ED48119597F300EBDE16 /* Atlas */,
				080E96DDFE201D6D7F000001 /* Classes */,
				29B97315FDCFA39411CA2CEA /* Other Sources */,
				29B97317FDCFA39411CA2CEA /* Resources */,
				6EF963BC118E96B7003902E7 /* Dependencies */,
				29B97323FDCFA39411CA2CEA /* Frameworks */,
				19C28FACFE9D520D11CA2CBB /* Products */,
			);
			name = CustomTemplate;
			sourceTree = "<group>";
		};
		29B97315FDCFA39411CA2CEA /* Other Sources */ = {
			isa = PBXGroup;
			children = (
				32CA4F630368D1EE00C91783 /* mmiphone_Prefix.pch */,
				29B97316FDCFA39411CA2CEA /* main.m */,
			);
			name = "Other Sources";
			sourceTree = "<group>";
		};
		29B97317FDCFA39411CA2CEA /* Resources */ = {
			isa = PBXGroup;
			children = (
				1563F17F1196E3C000EBDE16 /* Settings.bundle */,
				1563F1141196D79800EBDE16 /* default_cover.png */,
				1563F1151196D79800EBDE16 /* Icon.png */,
				EB383D1010BBFC630000B2D2 /* Three20.bundle */,
				28C3AD890F43EF2300507BA6 /* mmiphone.xcdatamodel */,
				8D1107310486CEB800E47090 /* mmiphone-Info.plist */,
			);
			name = Resources;
			sourceTree = "<group>";
		};
		29B97323FDCFA39411CA2CEA /* Frameworks */ = {
			isa = PBXGroup;
			children = (
				1DF5F4DF0D08C38300B7A737 /* UIKit.framework */,
				1D30AB110D05D00D00671497 /* Foundation.framework */,
				288765A40DF7441C002DB57D /* CoreGraphics.framework */,
				28D801B30F44B63D00FB423F /* CoreData.framework */,
				EB383C1310BBF8C70000B2D2 /* QuartzCore.framework */,
			);
			name = Frameworks;
			sourceTree = "<group>";
		};
		6EF963BC118E96B7003902E7 /* Dependencies */ = {
			isa = PBXGroup;
			children = (
				1563ED18119596C400EBDE16 /* extThree20JSON.xcodeproj */,
				6EF963BD118E96C9003902E7 /* Three20.xcodeproj */,
			);
			name = Dependencies;
			sourceTree = "<group>";
		};
		6EF963BE118E96C9003902E7 /* Products */ = {
			isa = PBXGroup;
			children = (
				6EF963E9118E96CA003902E7 /* libThree20.a */,
				6EF963EB118E96CA003902E7 /* UnitTests.octest */,
			);
			name = Products;
			sourceTree = "<group>";
		};
/* End PBXGroup section */

/* Begin PBXNativeTarget section */
		1D6058900D05DD3D006BFB54 /* mmiphone */ = {
			isa = PBXNativeTarget;
			buildConfigurationList = 1D6058960D05DD3E006BFB54 /* Build configuration list for PBXNativeTarget "mmiphone" */;
			buildPhases = (
				1D60588D0D05DD3D006BFB54 /* Resources */,
				1D60588E0D05DD3D006BFB54 /* Sources */,
				1D60588F0D05DD3D006BFB54 /* Frameworks */,
			);
			buildRules = (
			);
			dependencies = (
				6EF963EE118E96CF003902E7 /* PBXTargetDependency */,
				1563ED341195974D00EBDE16 /* PBXTargetDependency */,
			);
			name = mmiphone;
			productName = mmiphone;
			productReference = 1D6058910D05DD3D006BFB54 /* mmiphone.app */;
			productType = "com.apple.product-type.application";
		};
/* End PBXNativeTarget section */

/* Begin PBXProject section */
		29B97313FDCFA39411CA2CEA /* Project object */ = {
			isa = PBXProject;
			buildConfigurationList = C01FCF4E08A954540054247B /* Build configuration list for PBXProject "mmiphone" */;
			compatibilityVersion = "Xcode 3.1";
			hasScannedForEncodings = 1;
			mainGroup = 29B97314FDCFA39411CA2CEA /* CustomTemplate */;
			projectDirPath = "";
			projectReferences = (
				{
					ProductGroup = 1563ED19119596C400EBDE16 /* Products */;
					ProjectRef = 1563ED18119596C400EBDE16 /* extThree20JSON.xcodeproj */;
				},
				{
					ProductGroup = 6EF963BE118E96C9003902E7 /* Products */;
					ProjectRef = 6EF963BD118E96C9003902E7 /* Three20.xcodeproj */;
				},
			);
			projectRoot = "";
			targets = (
				1D6058900D05DD3D006BFB54 /* mmiphone */,
			);
		};
/* End PBXProject section */

/* Begin PBXReferenceProxy section */
		1563ED1F119596C400EBDE16 /* libextThree20JSON+SBJSON.a */ = {
			isa = PBXReferenceProxy;
			fileType = archive.ar;
			path = "libextThree20JSON+SBJSON.a";
			remoteRef = 1563ED1E119596C400EBDE16 /* PBXContainerItemProxy */;
			sourceTree = BUILT_PRODUCTS_DIR;
		};
		1563ED21119596C400EBDE16 /* libextThree20JSON+YAJL.a */ = {
			isa = PBXReferenceProxy;
			fileType = archive.ar;
			path = "libextThree20JSON+YAJL.a";
			remoteRef = 1563ED20119596C400EBDE16 /* PBXContainerItemProxy */;
			sourceTree = BUILT_PRODUCTS_DIR;
		};
		1563ED23119596C400EBDE16 /* extJSONUnitTests.octest */ = {
			isa = PBXReferenceProxy;
			fileType = wrapper.cfbundle;
			path = extJSONUnitTests.octest;
			remoteRef = 1563ED22119596C400EBDE16 /* PBXContainerItemProxy */;
			sourceTree = BUILT_PRODUCTS_DIR;
		};
		6EF963E9118E96CA003902E7 /* libThree20.a */ = {
			isa = PBXReferenceProxy;
			fileType = archive.ar;
			path = libThree20.a;
			remoteRef = 6EF963E8118E96CA003902E7 /* PBXContainerItemProxy */;
			sourceTree = BUILT_PRODUCTS_DIR;
		};
		6EF963EB118E96CA003902E7 /* UnitTests.octest */ = {
			isa = PBXReferenceProxy;
			fileType = wrapper.cfbundle;
			path = UnitTests.octest;
			remoteRef = 6EF963EA118E96CA003902E7 /* PBXContainerItemProxy */;
			sourceTree = BUILT_PRODUCTS_DIR;
		};
/* End PBXReferenceProxy section */

/* Begin PBXResourcesBuildPhase section */
		1D60588D0D05DD3D006BFB54 /* Resources */ = {
			isa = PBXResourcesBuildPhase;
			buildActionMask = 2147483647;
			files = (
				EB383D1110BBFC630000B2D2 /* Three20.bundle in Resources */,
				1563F1161196D79800EBDE16 /* default_cover.png in Resources */,
				1563F1171196D79800EBDE16 /* Icon.png in Resources */,
				1563F1801196E3C000EBDE16 /* Settings.bundle in Resources */,
			);
			runOnlyForDeploymentPostprocessing = 0;
		};
/* End PBXResourcesBuildPhase section */

/* Begin PBXSourcesBuildPhase section */
		1D60588E0D05DD3D006BFB54 /* Sources */ = {
			isa = PBXSourcesBuildPhase;
			buildActionMask = 2147483647;
			files = (
				1D60589B0D05DD56006BFB54 /* main.m in Sources */,
				28C3AD8A0F43EF2300507BA6 /* mmiphone.xcdatamodel in Sources */,
				EB383C0610BBF8A40000B2D2 /* AppDelegate.m in Sources */,
				1563EC40119581F900EBDE16 /* MMStatusViewController.m in Sources */,
				1563EC43119582E000EBDE16 /* MMStatusDataSource.m in Sources */,
				1563EC541195849000EBDE16 /* MMStatus.m in Sources */,
				1563EC591195889400EBDE16 /* MMStatusModel.m in Sources */,
				1563ED4B119597FF00EBDE16 /* Atlas.m in Sources */,
				1563EE5E1195AC3100EBDE16 /* MMTrack.m in Sources */,
				1563F1B01196F54200EBDE16 /* MMPlaylistTrack.m in Sources */,
			);
			runOnlyForDeploymentPostprocessing = 0;
		};
/* End PBXSourcesBuildPhase section */

/* Begin PBXTargetDependency section */
		1563ED341195974D00EBDE16 /* PBXTargetDependency */ = {
			isa = PBXTargetDependency;
			name = "extThree20JSON+YAJL";
			targetProxy = 1563ED331195974D00EBDE16 /* PBXContainerItemProxy */;
		};
		6EF963EE118E96CF003902E7 /* PBXTargetDependency */ = {
			isa = PBXTargetDependency;
			name = Three20;
			targetProxy = 6EF963ED118E96CF003902E7 /* PBXContainerItemProxy */;
		};
/* End PBXTargetDependency section */

/* Begin XCBuildConfiguration section */
		1D6058940D05DD3E006BFB54 /* Debug */ = {
			isa = XCBuildConfiguration;
			buildSettings = {
				ALWAYS_SEARCH_USER_PATHS = NO;
				COPY_PHASE_STRIP = NO;
				FRAMEWORK_SEARCH_PATHS = "$(inherited)";
				GCC_DYNAMIC_NO_PIC = NO;
				GCC_OPTIMIZATION_LEVEL = 0;
				GCC_PRECOMPILE_PREFIX_HEADER = YES;
				GCC_PREFIX_HEADER = mmiphone_Prefix.pch;
				GCC_PREPROCESSOR_DEFINITIONS = (
					"TTMAXLOGLEVEL=TTLOGLEVEL_INFO",
					DEBUG,
				);
				HEADER_SEARCH_PATHS = ../three20/Build/Products/three20;
				INFOPLIST_FILE = "mmiphone-Info.plist";
				OTHER_LDFLAGS = (
					"-all_load",
					"-ObjC",
				);
				PRODUCT_NAME = mmiphone;
			};
			name = Debug;
		};
		1D6058950D05DD3E006BFB54 /* Release */ = {
			isa = XCBuildConfiguration;
			buildSettings = {
				ALWAYS_SEARCH_USER_PATHS = NO;
				COPY_PHASE_STRIP = YES;
				FRAMEWORK_SEARCH_PATHS = "$(inherited)";
				GCC_PRECOMPILE_PREFIX_HEADER = YES;
				GCC_PREFIX_HEADER = mmiphone_Prefix.pch;
				HEADER_SEARCH_PATHS = ../three20/Build/Products/three20;
				INFOPLIST_FILE = "mmiphone-Info.plist";
				OTHER_LDFLAGS = (
					"-all_load",
					"-ObjC",
				);
				PRODUCT_NAME = mmiphone;
			};
			name = Release;
		};
		C01FCF4F08A954540054247B /* Debug */ = {
			isa = XCBuildConfiguration;
			buildSettings = {
				ARCHS = "$(ARCHS_STANDARD_32_BIT)";
				"CODE_SIGN_IDENTITY[sdk=iphoneos*]" = "iPhone Developer";
				GCC_C_LANGUAGE_STANDARD = c99;
				GCC_PREPROCESSOR_DEFINITIONS = DEBUG;
				GCC_WARN_ABOUT_RETURN_TYPE = YES;
				GCC_WARN_UNUSED_VARIABLE = YES;
				PREBINDING = NO;
				SDKROOT = iphoneos3.1.2;
			};
			name = Debug;
		};
		C01FCF5008A954540054247B /* Release */ = {
			isa = XCBuildConfiguration;
			buildSettings = {
				ARCHS = "$(ARCHS_STANDARD_32_BIT)";
				"CODE_SIGN_IDENTITY[sdk=iphoneos*]" = "iPhone Developer";
				GCC_C_LANGUAGE_STANDARD = c99;
				GCC_WARN_ABOUT_RETURN_TYPE = YES;
				GCC_WARN_UNUSED_VARIABLE = YES;
				PREBINDING = NO;
				SDKROOT = iphoneos3.1.2;
			};
			name = Release;
		};
/* End XCBuildConfiguration section */

/* Begin XCConfigurationList section */
		1D6058960D05DD3E006BFB54 /* Build configuration list for PBXNativeTarget "mmiphone" */ = {
			isa = XCConfigurationList;
			buildConfigurations = (
				1D6058940D05DD3E006BFB54 /* Debug */,
				1D6058950D05DD3E006BFB54 /* Release */,
			);
			defaultConfigurationIsVisible = 0;
			defaultConfigurationName = Release;
		};
		C01FCF4E08A954540054247B /* Build configuration list for PBXProject "mmiphone" */ = {
			isa = XCConfigurationList;
			buildConfigurations = (
				C01FCF4F08A954540054247B /* Debug */,
				C01FCF5008A954540054247B /* Release */,
			);
			defaultConfigurationIsVisible = 0;
			defaultConfigurationName = Release;
		};
/* End XCConfigurationList section */
	};
	rootObject = 29B97313FDCFA39411CA2CEA /* Project object */;
}
