// !$*UTF8*$!
{
	archiveVersion = 1;
	classes = {
	};
	objectVersion = 45;
	objects = {

/* Begin PBXBuildFile section */
		150F192311A0221B00F0605A /* MMTableTrackItem.m in Sources */ = {isa = PBXBuildFile; fileRef = 150F192211A0221B00F0605A /* MMTableTrackItem.m */; };
		150F192611A022F300F0605A /* MMTableTrackItemCell.m in Sources */ = {isa = PBXBuildFile; fileRef = 150F192511A022F300F0605A /* MMTableTrackItemCell.m */; };
		150F1A1111A02E7000F0605A /* MMTableTrackDetailItem.m in Sources */ = {isa = PBXBuildFile; fileRef = 150F1A1011A02E7000F0605A /* MMTableTrackDetailItem.m */; };
		150F1A1411A02E8400F0605A /* MMTableTrackDetailItemCell.m in Sources */ = {isa = PBXBuildFile; fileRef = 150F1A1311A02E8400F0605A /* MMTableTrackDetailItemCell.m */; };
		1563EC40119581F900EBDE16 /* MMStatusViewController.m in Sources */ = {isa = PBXBuildFile; fileRef = 1563EC3F119581F900EBDE16 /* MMStatusViewController.m */; };
		1563EC43119582E000EBDE16 /* MMStatusDataSource.m in Sources */ = {isa = PBXBuildFile; fileRef = 1563EC42119582E000EBDE16 /* MMStatusDataSource.m */; };
		1563EC541195849000EBDE16 /* MMStatus.m in Sources */ = {isa = PBXBuildFile; fileRef = 1563EC531195849000EBDE16 /* MMStatus.m */; };
		1563EC591195889400EBDE16 /* MMStatusModel.m in Sources */ = {isa = PBXBuildFile; fileRef = 1563EC581195889400EBDE16 /* MMStatusModel.m */; };
		1563ED2A1195972700EBDE16 /* libextThree20JSON+YAJL.a in Frameworks */ = {isa = PBXBuildFile; fileRef = 1563ED21119596C400EBDE16 /* libextThree20JSON+YAJL.a */; };
		1563ED4B119597FF00EBDE16 /* Atlas.m in Sources */ = {isa = PBXBuildFile; fileRef = 1563ED4A119597FF00EBDE16 /* Atlas.m */; };
		1563EE5E1195AC3100EBDE16 /* MMTrack.m in Sources */ = {isa = PBXBuildFile; fileRef = 1563EE5D1195AC3100EBDE16 /* MMTrack.m */; };
		1563F1171196D79800EBDE16 /* Icon.png in Resources */ = {isa = PBXBuildFile; fileRef = 1563F1151196D79800EBDE16 /* Icon.png */; };
		1563F1801196E3C000EBDE16 /* Settings.bundle in Resources */ = {isa = PBXBuildFile; fileRef = 1563F17F1196E3C000EBDE16 /* Settings.bundle */; };
		1563F1B01196F54200EBDE16 /* MMPlaylistTrack.m in Sources */ = {isa = PBXBuildFile; fileRef = 1563F1AF1196F54200EBDE16 /* MMPlaylistTrack.m */; };
		1563F1E51196FD2900EBDE16 /* MMSearchViewController.m in Sources */ = {isa = PBXBuildFile; fileRef = 1563F1E41196FD2900EBDE16 /* MMSearchViewController.m */; };
		1563F28A11970ACF00EBDE16 /* MMSearchDataSource.m in Sources */ = {isa = PBXBuildFile; fileRef = 1563F28911970ACF00EBDE16 /* MMSearchDataSource.m */; };
		1563F29011970CE000EBDE16 /* MMSearchModel.m in Sources */ = {isa = PBXBuildFile; fileRef = 1563F28F11970CE000EBDE16 /* MMSearchModel.m */; };
		1563F32F119720B800EBDE16 /* libextThree20XML.a in Frameworks */ = {isa = PBXBuildFile; fileRef = 1563F32C119720AC00EBDE16 /* libextThree20XML.a */; };
		1563F5E41198725E00EBDE16 /* MMVoteViewController.m in Sources */ = {isa = PBXBuildFile; fileRef = 1563F5E31198725E00EBDE16 /* MMVoteViewController.m */; };
		1563F63A119896BB00EBDE16 /* MMXmlTrackParser.m in Sources */ = {isa = PBXBuildFile; fileRef = 1563F639119896BB00EBDE16 /* MMXmlTrackParser.m */; };
		1563F6581198988B00EBDE16 /* MMVoteModel.m in Sources */ = {isa = PBXBuildFile; fileRef = 1563F6571198988B00EBDE16 /* MMVoteModel.m */; };
		1563F65D1198995D00EBDE16 /* MMVoteDataSource.m in Sources */ = {isa = PBXBuildFile; fileRef = 1563F65C1198995D00EBDE16 /* MMVoteDataSource.m */; };
		1563FA91119A0CDB00EBDE16 /* default_cover.png in Resources */ = {isa = PBXBuildFile; fileRef = 1563FA8C119A0CDB00EBDE16 /* default_cover.png */; };
		1563FA92119A0CDB00EBDE16 /* icon_artist.png in Resources */ = {isa = PBXBuildFile; fileRef = 1563FA8D119A0CDB00EBDE16 /* icon_artist.png */; };
		1563FA93119A0CDB00EBDE16 /* icon_disc.png in Resources */ = {isa = PBXBuildFile; fileRef = 1563FA8E119A0CDB00EBDE16 /* icon_disc.png */; };
		1563FA94119A0CDB00EBDE16 /* icon_time.png in Resources */ = {isa = PBXBuildFile; fileRef = 1563FA8F119A0CDB00EBDE16 /* icon_time.png */; };
		1563FA95119A0CDB00EBDE16 /* icon_track.png in Resources */ = {isa = PBXBuildFile; fileRef = 1563FA90119A0CDB00EBDE16 /* icon_track.png */; };
		1563FE60119C6CEC00EBDE16 /* MMUser.m in Sources */ = {isa = PBXBuildFile; fileRef = 1563FE5F119C6CEC00EBDE16 /* MMUser.m */; };
		15937D51119CACBA00A1CBA8 /* MMSendVoteModel.m in Sources */ = {isa = PBXBuildFile; fileRef = 15937D50119CACBA00A1CBA8 /* MMSendVoteModel.m */; };
		15937DE7119DB62200A1CBA8 /* MMSendVoteDelegate.m in Sources */ = {isa = PBXBuildFile; fileRef = 15937DE6119DB62200A1CBA8 /* MMSendVoteDelegate.m */; };
		159381AA119EB66100A1CBA8 /* Localizable.strings in Resources */ = {isa = PBXBuildFile; fileRef = 159381A8119EB66100A1CBA8 /* Localizable.strings */; };
		1D60589B0D05DD56006BFB54 /* main.m in Sources */ = {isa = PBXBuildFile; fileRef = 29B97316FDCFA39411CA2CEA /* main.m */; };
		1D60589F0D05DD5A006BFB54 /* Foundation.framework in Frameworks */ = {isa = PBXBuildFile; fileRef = 1D30AB110D05D00D00671497 /* Foundation.framework */; };
		1DF5F4E00D08C38300B7A737 /* UIKit.framework in Frameworks */ = {isa = PBXBuildFile; fileRef = 1DF5F4DF0D08C38300B7A737 /* UIKit.framework */; };
		288765A50DF7441C002DB57D /* CoreGraphics.framework in Frameworks */ = {isa = PBXBuildFile; fileRef = 288765A40DF7441C002DB57D /* CoreGraphics.framework */; };
		28C3AD8A0F43EF2300507BA6 /* mmiphone.xcdatamodel in Sources */ = {isa = PBXBuildFile; fileRef = 28C3AD890F43EF2300507BA6 /* mmiphone.xcdatamodel */; };
		28D801B40F44B63D00FB423F /* CoreData.framework in Frameworks */ = {isa = PBXBuildFile; fileRef = 28D801B30F44B63D00FB423F /* CoreData.framework */; };
		6EF963EC118E96CC003902E7 /* libThree20.a in Frameworks */ = {isa = PBXBuildFile; fileRef = 6EF963E9118E96CA003902E7 /* libThree20.a */; };
		EB383C0610BBF8A40000B2D2 /* AppDelegate.m in Sources */ = {isa = PBXBuildFile; fileRef = EB383C0510BBF8A40000B2D2 /* AppDelegate.m */; };
		EB383C1410BBF8C70000B2D2 /* QuartzCore.framework in Frameworks */ = {isa = PBXBuildFile; fileRef = EB383C1310BBF8C70000B2D2 /* QuartzCore.framework */; };
		EB383D1110BBFC630000B2D2 /* Three20.bundle in Resources */ = {isa = PBXBuildFile; fileRef = EB383D1010BBFC630000B2D2 /* Three20.bundle */; };
/* End PBXBuildFile section */

/* Begin PBXContainerItemProxy section */
		1563ED1E119596C400EBDE16 /* PBXContainerItemProxy */ = {
			isa = PBXContainerItemProxy;
			containerPortal = 1563ED18119596C400EBDE16 /* extThree20JSON.xcodeproj */;
			proxyType = 2;
			remoteGlobalIDString = BEF31F3A0F352DF5000DE5D2;
			remoteInfo = "extThree20JSON+SBJSON";
		};
		1563ED20119596C400EBDE16 /* PBXContainerItemProxy */ = {
			isa = PBXContainerItemProxy;
			containerPortal = 1563ED18119596C400EBDE16 /* extThree20JSON.xcodeproj */;
			proxyType = 2;
			remoteGlobalIDString = 6E645BD91187751200F08CB1;
			remoteInfo = "extThree20JSON+YAJL";
		};
		1563ED22119596C400EBDE16 /* PBXContainerItemProxy */ = {
			isa = PBXContainerItemProxy;
			containerPortal = 1563ED18119596C400EBDE16 /* extThree20JSON.xcodeproj */;
			proxyType = 2;
			remoteGlobalIDString = EB9E6C6210B6A8F800DE563C;
			remoteInfo = UnitTestsSBJSON;
		};
		1563ED331195974D00EBDE16 /* PBXContainerItemProxy */ = {
			isa = PBXContainerItemProxy;
			containerPortal = 1563ED18119596C400EBDE16 /* extThree20JSON.xcodeproj */;
			proxyType = 1;
			remoteGlobalIDString = 6E645BA31187751200F08CB1;
			remoteInfo = "extThree20JSON+YAJL";
		};
		1563F32B119720AC00EBDE16 /* PBXContainerItemProxy */ = {
			isa = PBXContainerItemProxy;
			containerPortal = 1563F321119720AC00EBDE16 /* extThree20XML.xcodeproj */;
			proxyType = 2;
			remoteGlobalIDString = BEF31F3A0F352DF5000DE5D2;
			remoteInfo = extThree20XML;
		};
		1563F32D119720AC00EBDE16 /* PBXContainerItemProxy */ = {
			isa = PBXContainerItemProxy;
			containerPortal = 1563F321119720AC00EBDE16 /* extThree20XML.xcodeproj */;
			proxyType = 2;
			remoteGlobalIDString = EB9E6C6210B6A8F800DE563C;
			remoteInfo = UnitTests;
		};
		1563F330119720C600EBDE16 /* PBXContainerItemProxy */ = {
			isa = PBXContainerItemProxy;
			containerPortal = 1563F321119720AC00EBDE16 /* extThree20XML.xcodeproj */;
			proxyType = 1;
			remoteGlobalIDString = BEF31F390F352DF5000DE5D2;
			remoteInfo = extThree20XML;
		};
		6EF963E8118E96CA003902E7 /* PBXContainerItemProxy */ = {
			isa = PBXContainerItemProxy;
			containerPortal = 6EF963BD118E96C9003902E7 /* Three20.xcodeproj */;
			proxyType = 2;
			remoteGlobalIDString = BEF31F3A0F352DF5000DE5D2;
			remoteInfo = Three20;
		};
		6EF963EA118E96CA003902E7 /* PBXContainerItemProxy */ = {
			isa = PBXContainerItemProxy;
			containerPortal = 6EF963BD118E96C9003902E7 /* Three20.xcodeproj */;
			proxyType = 2;
			remoteGlobalIDString = EB9E6C6210B6A8F800DE563C;
			remoteInfo = UnitTests;
		};
		6EF963ED118E96CF003902E7 /* PBXContainerItemProxy */ = {
			isa = PBXContainerItemProxy;
			containerPortal = 6EF963BD118E96C9003902E7 /* Three20.xcodeproj */;
			proxyType = 1;
			remoteGlobalIDString = BEF31F390F352DF5000DE5D2;
			remoteInfo = Three20;
		};
/* End PBXContainerItemProxy section */

/* Begin PBXFileReference section */
		150F1646119EE7F600F0605A /* sv */ = {isa = PBXFileReference; lastKnownFileType = text.plist.xml; name = sv; path = "sv.lproj/mmiphone-Info.plist"; sourceTree = "<group>"; };
		150F192111A0221B00F0605A /* MMTableTrackItem.h */ = {isa = PBXFileReference; fileEncoding = 4; lastKnownFileType = sourcecode.c.h; path = MMTableTrackItem.h; sourceTree = "<group>"; };
		150F192211A0221B00F0605A /* MMTableTrackItem.m */ = {isa = PBXFileReference; fileEncoding = 4; lastKnownFileType = sourcecode.c.objc; path = MMTableTrackItem.m; sourceTree = "<group>"; };
		150F192411A022F300F0605A /* MMTableTrackItemCell.h */ = {isa = PBXFileReference; fileEncoding = 4; lastKnownFileType = sourcecode.c.h; path = MMTableTrackItemCell.h; sourceTree = "<group>"; };
		150F192511A022F300F0605A /* MMTableTrackItemCell.m */ = {isa = PBXFileReference; fileEncoding = 4; lastKnownFileType = sourcecode.c.objc; path = MMTableTrackItemCell.m; sourceTree = "<group>"; };
		150F1A0F11A02E7000F0605A /* MMTableTrackDetailItem.h */ = {isa = PBXFileReference; fileEncoding = 4; lastKnownFileType = sourcecode.c.h; path = MMTableTrackDetailItem.h; sourceTree = "<group>"; };
		150F1A1011A02E7000F0605A /* MMTableTrackDetailItem.m */ = {isa = PBXFileReference; fileEncoding = 4; lastKnownFileType = sourcecode.c.objc; path = MMTableTrackDetailItem.m; sourceTree = "<group>"; };
		150F1A1211A02E8400F0605A /* MMTableTrackDetailItemCell.h */ = {isa = PBXFileReference; fileEncoding = 4; lastKnownFileType = sourcecode.c.h; path = MMTableTrackDetailItemCell.h; sourceTree = "<group>"; };
		150F1A1311A02E8400F0605A /* MMTableTrackDetailItemCell.m */ = {isa = PBXFileReference; fileEncoding = 4; lastKnownFileType = sourcecode.c.objc; path = MMTableTrackDetailItemCell.m; sourceTree = "<group>"; };
		1563EC3E119581F900EBDE16 /* MMStatusViewController.h */ = {isa = PBXFileReference; fileEncoding = 4; lastKnownFileType = sourcecode.c.h; path = MMStatusViewController.h; sourceTree = "<group>"; };
		1563EC3F119581F900EBDE16 /* MMStatusViewController.m */ = {isa = PBXFileReference; fileEncoding = 4; lastKnownFileType = sourcecode.c.objc; path = MMStatusViewController.m; sourceTree = "<group>"; };
		1563EC41119582E000EBDE16 /* MMStatusDataSource.h */ = {isa = PBXFileReference; fileEncoding = 4; lastKnownFileType = sourcecode.c.h; path = MMStatusDataSource.h; sourceTree = "<group>"; };
		1563EC42119582E000EBDE16 /* MMStatusDataSource.m */ = {isa = PBXFileReference; fileEncoding = 4; lastKnownFileType = sourcecode.c.objc; path = MMStatusDataSource.m; sourceTree = "<group>"; };
		1563EC521195849000EBDE16 /* MMStatus.h */ = {isa = PBXFileReference; fileEncoding = 4; lastKnownFileType = sourcecode.c.h; path = MMStatus.h; sourceTree = "<group>"; };
		1563EC531195849000EBDE16 /* MMStatus.m */ = {isa = PBXFileReference; fileEncoding = 4; lastKnownFileType = sourcecode.c.objc; path = MMStatus.m; sourceTree = "<group>"; };
		1563EC571195889400EBDE16 /* MMStatusModel.h */ = {isa = PBXFileReference; fileEncoding = 4; lastKnownFileType = sourcecode.c.h; path = MMStatusModel.h; sourceTree = "<group>"; };
		1563EC581195889400EBDE16 /* MMStatusModel.m */ = {isa = PBXFileReference; fileEncoding = 4; lastKnownFileType = sourcecode.c.objc; path = MMStatusModel.m; sourceTree = "<group>"; };
		1563ED18119596C400EBDE16 /* extThree20JSON.xcodeproj */ = {isa = PBXFileReference; lastKnownFileType = "wrapper.pb-project"; name = extThree20JSON.xcodeproj; path = ../three20/src/extThree20JSON/extThree20JSON.xcodeproj; sourceTree = SOURCE_ROOT; };
		1563ED49119597FF00EBDE16 /* Atlas.h */ = {isa = PBXFileReference; fileEncoding = 4; lastKnownFileType = sourcecode.c.h; path = Atlas.h; sourceTree = "<group>"; };
		1563ED4A119597FF00EBDE16 /* Atlas.m */ = {isa = PBXFileReference; fileEncoding = 4; lastKnownFileType = sourcecode.c.objc; path = Atlas.m; sourceTree = "<group>"; };
		1563EE5C1195AC3100EBDE16 /* MMTrack.h */ = {isa = PBXFileReference; fileEncoding = 4; lastKnownFileType = sourcecode.c.h; path = MMTrack.h; sourceTree = "<group>"; };
		1563EE5D1195AC3100EBDE16 /* MMTrack.m */ = {isa = PBXFileReference; fileEncoding = 4; lastKnownFileType = sourcecode.c.objc; path = MMTrack.m; sourceTree = "<group>"; };
		1563F1151196D79800EBDE16 /* Icon.png */ = {isa = PBXFileReference; lastKnownFileType = image.png; path = Icon.png; sourceTree = "<group>"; };
		1563F17F1196E3C000EBDE16 /* Settings.bundle */ = {isa = PBXFileReference; lastKnownFileType = "wrapper.plug-in"; path = Settings.bundle; sourceTree = "<group>"; };
		1563F1AE1196F54200EBDE16 /* MMPlaylistTrack.h */ = {isa = PBXFileReference; fileEncoding = 4; lastKnownFileType = sourcecode.c.h; path = MMPlaylistTrack.h; sourceTree = "<group>"; };
		1563F1AF1196F54200EBDE16 /* MMPlaylistTrack.m */ = {isa = PBXFileReference; fileEncoding = 4; lastKnownFileType = sourcecode.c.objc; path = MMPlaylistTrack.m; sourceTree = "<group>"; };
		1563F1E31196FD2900EBDE16 /* MMSearchViewController.h */ = {isa = PBXFileReference; fileEncoding = 4; lastKnownFileType = sourcecode.c.h; path = MMSearchViewController.h; sourceTree = "<group>"; };
		1563F1E41196FD2900EBDE16 /* MMSearchViewController.m */ = {isa = PBXFileReference; fileEncoding = 4; lastKnownFileType = sourcecode.c.objc; path = MMSearchViewController.m; sourceTree = "<group>"; };
		1563F28811970ACF00EBDE16 /* MMSearchDataSource.h */ = {isa = PBXFileReference; fileEncoding = 4; lastKnownFileType = sourcecode.c.h; path = MMSearchDataSource.h; sourceTree = "<group>"; };
		1563F28911970ACF00EBDE16 /* MMSearchDataSource.m */ = {isa = PBXFileReference; fileEncoding = 4; lastKnownFileType = sourcecode.c.objc; path = MMSearchDataSource.m; sourceTree = "<group>"; };
		1563F28E11970CE000EBDE16 /* MMSearchModel.h */ = {isa = PBXFileReference; fileEncoding = 4; lastKnownFileType = sourcecode.c.h; path = MMSearchModel.h; sourceTree = "<group>"; };
		1563F28F11970CE000EBDE16 /* MMSearchModel.m */ = {isa = PBXFileReference; fileEncoding = 4; lastKnownFileType = sourcecode.c.objc; path = MMSearchModel.m; sourceTree = "<group>"; };
		1563F321119720AC00EBDE16 /* extThree20XML.xcodeproj */ = {isa = PBXFileReference; lastKnownFileType = "wrapper.pb-project"; name = extThree20XML.xcodeproj; path = ../three20/src/extThree20XML/extThree20XML.xcodeproj; sourceTree = SOURCE_ROOT; };
		1563F5E21198725E00EBDE16 /* MMVoteViewController.h */ = {isa = PBXFileReference; fileEncoding = 4; lastKnownFileType = sourcecode.c.h; path = MMVoteViewController.h; sourceTree = "<group>"; };
		1563F5E31198725E00EBDE16 /* MMVoteViewController.m */ = {isa = PBXFileReference; fileEncoding = 4; lastKnownFileType = sourcecode.c.objc; path = MMVoteViewController.m; sourceTree = "<group>"; };
		1563F638119896BB00EBDE16 /* MMXmlTrackParser.h */ = {isa = PBXFileReference; fileEncoding = 4; lastKnownFileType = sourcecode.c.h; path = MMXmlTrackParser.h; sourceTree = "<group>"; };
		1563F639119896BB00EBDE16 /* MMXmlTrackParser.m */ = {isa = PBXFileReference; fileEncoding = 4; lastKnownFileType = sourcecode.c.objc; path = MMXmlTrackParser.m; sourceTree = "<group>"; };
		1563F6561198988B00EBDE16 /* MMVoteModel.h */ = {isa = PBXFileReference; fileEncoding = 4; lastKnownFileType = sourcecode.c.h; path = MMVoteModel.h; sourceTree = "<group>"; };
		1563F6571198988B00EBDE16 /* MMVoteModel.m */ = {isa = PBXFileReference; fileEncoding = 4; lastKnownFileType = sourcecode.c.objc; path = MMVoteModel.m; sourceTree = "<group>"; };
		1563F65B1198995D00EBDE16 /* MMVoteDataSource.h */ = {isa = PBXFileReference; fileEncoding = 4; lastKnownFileType = sourcecode.c.h; path = MMVoteDataSource.h; sourceTree = "<group>"; };
		1563F65C1198995D00EBDE16 /* MMVoteDataSource.m */ = {isa = PBXFileReference; fileEncoding = 4; lastKnownFileType = sourcecode.c.objc; path = MMVoteDataSource.m; sourceTree = "<group>"; };
		1563FA8C119A0CDB00EBDE16 /* default_cover.png */ = {isa = PBXFileReference; lastKnownFileType = image.png; path = default_cover.png; sourceTree = "<group>"; };
		1563FA8D119A0CDB00EBDE16 /* icon_artist.png */ = {isa = PBXFileReference; lastKnownFileType = image.png; path = icon_artist.png; sourceTree = "<group>"; };
		1563FA8E119A0CDB00EBDE16 /* icon_disc.png */ = {isa = PBXFileReference; lastKnownFileType = image.png; path = icon_disc.png; sourceTree = "<group>"; };
		1563FA8F119A0CDB00EBDE16 /* icon_time.png */ = {isa = PBXFileReference; lastKnownFileType = image.png; path = icon_time.png; sourceTree = "<group>"; };
		1563FA90119A0CDB00EBDE16 /* icon_track.png */ = {isa = PBXFileReference; lastKnownFileType = image.png; path = icon_track.png; sourceTree = "<group>"; };
		1563FE5E119C6CEC00EBDE16 /* MMUser.h */ = {isa = PBXFileReference; fileEncoding = 4; lastKnownFileType = sourcecode.c.h; path = MMUser.h; sourceTree = "<group>"; };
		1563FE5F119C6CEC00EBDE16 /* MMUser.m */ = {isa = PBXFileReference; fileEncoding = 4; lastKnownFileType = sourcecode.c.objc; path = MMUser.m; sourceTree = "<group>"; };
		15937D4F119CACBA00A1CBA8 /* MMSendVoteModel.h */ = {isa = PBXFileReference; fileEncoding = 4; lastKnownFileType = sourcecode.c.h; path = MMSendVoteModel.h; sourceTree = "<group>"; };
		15937D50119CACBA00A1CBA8 /* MMSendVoteModel.m */ = {isa = PBXFileReference; fileEncoding = 4; lastKnownFileType = sourcecode.c.objc; path = MMSendVoteModel.m; sourceTree = "<group>"; };
		15937DE5119DB62200A1CBA8 /* MMSendVoteDelegate.h */ = {isa = PBXFileReference; fileEncoding = 4; lastKnownFileType = sourcecode.c.h; path = MMSendVoteDelegate.h; sourceTree = "<group>"; };
		15937DE6119DB62200A1CBA8 /* MMSendVoteDelegate.m */ = {isa = PBXFileReference; fileEncoding = 4; lastKnownFileType = sourcecode.c.objc; path = MMSendVoteDelegate.m; sourceTree = "<group>"; };
		159381A9119EB66100A1CBA8 /* English */ = {isa = PBXFileReference; fileEncoding = 10; lastKnownFileType = text.plist.strings; name = English; path = English.lproj/Localizable.strings; sourceTree = "<group>"; };
		159381AE119EB6C900A1CBA8 /* sv */ = {isa = PBXFileReference; lastKnownFileType = text.plist.strings; name = sv; path = sv.lproj/Localizable.strings; sourceTree = "<group>"; };
		1D30AB110D05D00D00671497 /* Foundation.framework */ = {isa = PBXFileReference; lastKnownFileType = wrapper.framework; name = Foundation.framework; path = System/Library/Frameworks/Foundation.framework; sourceTree = SDKROOT; };
		1D6058910D05DD3D006BFB54 /* mmiphone.app */ = {isa = PBXFileReference; explicitFileType = wrapper.application; includeInIndex = 0; path = mmiphone.app; sourceTree = BUILT_PRODUCTS_DIR; };
		1DF5F4DF0D08C38300B7A737 /* UIKit.framework */ = {isa = PBXFileReference; lastKnownFileType = wrapper.framework; name = UIKit.framework; path = System/Library/Frameworks/UIKit.framework; sourceTree = SDKROOT; };
		288765A40DF7441C002DB57D /* CoreGraphics.framework */ = {isa = PBXFileReference; lastKnownFileType = wrapper.framework; name = CoreGraphics.framework; path = System/Library/Frameworks/CoreGraphics.framework; sourceTree = SDKROOT; };
		28C3AD890F43EF2300507BA6 /* mmiphone.xcdatamodel */ = {isa = PBXFileReference; fileEncoding = 4; lastKnownFileType = wrapper.xcdatamodel; path = mmiphone.xcdatamodel; sourceTree = "<group>"; };
		28D801B30F44B63D00FB423F /* CoreData.framework */ = {isa = PBXFileReference; lastKnownFileType = wrapper.framework; name = CoreData.framework; path = System/Library/Frameworks/CoreData.framework; sourceTree = SDKROOT; };
		29B97316FDCFA39411CA2CEA /* main.m */ = {isa = PBXFileReference; fileEncoding = 4; lastKnownFileType = sourcecode.c.objc; path = main.m; sourceTree = "<group>"; };
		32CA4F630368D1EE00C91783 /* mmiphone_Prefix.pch */ = {isa = PBXFileReference; fileEncoding = 4; lastKnownFileType = sourcecode.c.h; path = mmiphone_Prefix.pch; sourceTree = "<group>"; };
		6EF963BD118E96C9003902E7 /* Three20.xcodeproj */ = {isa = PBXFileReference; lastKnownFileType = "wrapper.pb-project"; name = Three20.xcodeproj; path = ../three20/src/Three20/Three20.xcodeproj; sourceTree = SOURCE_ROOT; };
		8D1107310486CEB800E47090 /* English */ = {isa = PBXFileReference; fileEncoding = 4; lastKnownFileType = text.plist.xml; name = English; path = "English.lproj/mmiphone-Info.plist"; sourceTree = "<group>"; };
		EB383C0410BBF8A40000B2D2 /* AppDelegate.h */ = {isa = PBXFileReference; fileEncoding = 4; lastKnownFileType = sourcecode.c.h; name = AppDelegate.h; path = Classes/AppDelegate.h; sourceTree = SOURCE_ROOT; };
		EB383C0510BBF8A40000B2D2 /* AppDelegate.m */ = {isa = PBXFileReference; fileEncoding = 4; lastKnownFileType = sourcecode.c.objc; name = AppDelegate.m; path = Classes/AppDelegate.m; sourceTree = SOURCE_ROOT; };
		EB383C1310BBF8C70000B2D2 /* QuartzCore.framework */ = {isa = PBXFileReference; lastKnownFileType = wrapper.framework; name = QuartzCore.framework; path = System/Library/Frameworks/QuartzCore.framework; sourceTree = SDKROOT; };
		EB383D1010BBFC630000B2D2 /* Three20.bundle */ = {isa = PBXFileReference; lastKnownFileType = "wrapper.plug-in"; name = Three20.bundle; path = ../three20/src/Three20.bundle; sourceTree = SOURCE_ROOT; };
/* End PBXFileReference section */

/* Begin PBXFrameworksBuildPhase section */
		1D60588F0D05DD3D006BFB54 /* Frameworks */ = {
			isa = PBXFrameworksBuildPhase;
			buildActionMask = 2147483647;
			files = (
				1D60589F0D05DD5A006BFB54 /* Foundation.framework in Frameworks */,
				1DF5F4E00D08C38300B7A737 /* UIKit.framework in Frameworks */,
				288765A50DF7441C002DB57D /* CoreGraphics.framework in Frameworks */,
				28D801B40F44B63D00FB423F /* CoreData.framework in Frameworks */,
				EB383C1410BBF8C70000B2D2 /* QuartzCore.framework in Frameworks */,
				6EF963EC118E96CC003902E7 /* libThree20.a in Frameworks */,
				1563ED2A1195972700EBDE16 /* libextThree20JSON+YAJL.a in Frameworks */,
				1563F32F119720B800EBDE16 /* libextThree20XML.a in Frameworks */,
			);
			runOnlyForDeploymentPostprocessing = 0;
		};
/* End PBXFrameworksBuildPhase section */

/* Begin PBXGroup section */
		080E96DDFE201D6D7F000001 /* Classes */ = {
			isa = PBXGroup;
			children = (
				150F191F11A0214300F0605A /* Shared */,
				1563EC37119580CC00EBDE16 /* Controllers */,
				EB383C0410BBF8A40000B2D2 /* AppDelegate.h */,
				EB383C0510BBF8A40000B2D2 /* AppDelegate.m */,
			);
			path = Classes;
			sourceTree = "<group>";
		};
		150F191E11A0211500F0605A /* Objects */ = {
			isa = PBXGroup;
			children = (
				1563EE5C1195AC3100EBDE16 /* MMTrack.h */,
				1563EE5D1195AC3100EBDE16 /* MMTrack.m */,
			);
			name = Objects;
			sourceTree = "<group>";
		};
		150F191F11A0214300F0605A /* Shared */ = {
			isa = PBXGroup;
			children = (
				1563F638119896BB00EBDE16 /* MMXmlTrackParser.h */,
				1563F639119896BB00EBDE16 /* MMXmlTrackParser.m */,
				1563FE5E119C6CEC00EBDE16 /* MMUser.h */,
				1563FE5F119C6CEC00EBDE16 /* MMUser.m */,
				150F192011A021B500F0605A /* Table Items */,
				150F191E11A0211500F0605A /* Objects */,
			);
			name = Shared;
			sourceTree = "<group>";
		};
		150F192011A021B500F0605A /* Table Items */ = {
			isa = PBXGroup;
			children = (
				150F192111A0221B00F0605A /* MMTableTrackItem.h */,
				150F192211A0221B00F0605A /* MMTableTrackItem.m */,
				150F192411A022F300F0605A /* MMTableTrackItemCell.h */,
				150F192511A022F300F0605A /* MMTableTrackItemCell.m */,
				150F1A0F11A02E7000F0605A /* MMTableTrackDetailItem.h */,
				150F1A1011A02E7000F0605A /* MMTableTrackDetailItem.m */,
				150F1A1211A02E8400F0605A /* MMTableTrackDetailItemCell.h */,
				150F1A1311A02E8400F0605A /* MMTableTrackDetailItemCell.m */,
			);
			name = "Table Items";
			sourceTree = "<group>";
		};
		1563EC37119580CC00EBDE16 /* Controllers */ = {
			isa = PBXGroup;
			children = (
				1563F5E11198724600EBDE16 /* Vote Controller */,
				1563F1E21196FD0800EBDE16 /* Search Controller */,
				1563EC38119580DE00EBDE16 /* Status Controller */,
			);
			name = Controllers;
			sourceTree = "<group>";
		};
		1563EC38119580DE00EBDE16 /* Status Controller */ = {
			isa = PBXGroup;
			children = (
				1563EC3E119581F900EBDE16 /* MMStatusViewController.h */,
				1563EC3F119581F900EBDE16 /* MMStatusViewController.m */,
				1563EC3C1195810C00EBDE16 /* Data Source */,
				1563EC3B1195810500EBDE16 /* Model */,
			);
			name = "Status Controller";
			sourceTree = "<group>";
		};
		1563EC3B1195810500EBDE16 /* Model */ = {
			isa = PBXGroup;
			children = (
				1563EC571195889400EBDE16 /* MMStatusModel.h */,
				1563EC581195889400EBDE16 /* MMStatusModel.m */,
				1563EC3D1195811F00EBDE16 /* Objects */,
			);
			name = Model;
			sourceTree = "<group>";
		};
		1563EC3C1195810C00EBDE16 /* Data Source */ = {
			isa = PBXGroup;
			children = (
				1563EC41119582E000EBDE16 /* MMStatusDataSource.h */,
				1563EC42119582E000EBDE16 /* MMStatusDataSource.m */,
			);
			name = "Data Source";
			sourceTree = "<group>";
		};
		1563EC3D1195811F00EBDE16 /* Objects */ = {
			isa = PBXGroup;
			children = (
				1563EC521195849000EBDE16 /* MMStatus.h */,
				1563EC531195849000EBDE16 /* MMStatus.m */,
				1563F1AE1196F54200EBDE16 /* MMPlaylistTrack.h */,
				1563F1AF1196F54200EBDE16 /* MMPlaylistTrack.m */,
			);
			name = Objects;
			sourceTree = "<group>";
		};
		1563ED19119596C400EBDE16 /* Products */ = {
			isa = PBXGroup;
			children = (
				1563ED1F119596C400EBDE16 /* libextThree20JSON+SBJSON.a */,
				1563ED21119596C400EBDE16 /* libextThree20JSON+YAJL.a */,
				1563ED23119596C400EBDE16 /* extJSONUnitTests.octest */,
			);
			name = Products;
			sourceTree = "<group>";
		};
		1563ED48119597F300EBDE16 /* Atlas */ = {
			isa = PBXGroup;
			children = (
				1563ED49119597FF00EBDE16 /* Atlas.h */,
				1563ED4A119597FF00EBDE16 /* Atlas.m */,
			);
			name = Atlas;
			sourceTree = "<group>";
		};
		1563F1E21196FD0800EBDE16 /* Search Controller */ = {
			isa = PBXGroup;
			children = (
				1563F1E31196FD2900EBDE16 /* MMSearchViewController.h */,
				1563F1E41196FD2900EBDE16 /* MMSearchViewController.m */,
				1563F21F119701D100EBDE16 /* Data Source */,
				1563F2201197020F00EBDE16 /* Model */,
			);
			name = "Search Controller";
			sourceTree = "<group>";
		};
		1563F21F119701D100EBDE16 /* Data Source */ = {
			isa = PBXGroup;
			children = (
				1563F28811970ACF00EBDE16 /* MMSearchDataSource.h */,
				1563F28911970ACF00EBDE16 /* MMSearchDataSource.m */,
			);
			name = "Data Source";
			sourceTree = "<group>";
		};
		1563F2201197020F00EBDE16 /* Model */ = {
			isa = PBXGroup;
			children = (
				1563F28E11970CE000EBDE16 /* MMSearchModel.h */,
				1563F28F11970CE000EBDE16 /* MMSearchModel.m */,
			);
			name = Model;
			sourceTree = "<group>";
		};
		1563F322119720AC00EBDE16 /* Products */ = {
			isa = PBXGroup;
			children = (
				1563F32C119720AC00EBDE16 /* libextThree20XML.a */,
				1563F32E119720AC00EBDE16 /* extJSONUnitTests.octest */,
			);
			name = Products;
			sourceTree = "<group>";
		};
		1563F5E11198724600EBDE16 /* Vote Controller */ = {
			isa = PBXGroup;
			children = (
				1563F5E21198725E00EBDE16 /* MMVoteViewController.h */,
				1563F5E31198725E00EBDE16 /* MMVoteViewController.m */,
				15937DE4119DB60C00A1CBA8 /* Delegate */,
				1563F6541198985400EBDE16 /* Data Source */,
				1563F6551198985D00EBDE16 /* Model */,
			);
			name = "Vote Controller";
			sourceTree = "<group>";
		};
		1563F6541198985400EBDE16 /* Data Source */ = {
			isa = PBXGroup;
			children = (
				1563F65B1198995D00EBDE16 /* MMVoteDataSource.h */,
				1563F65C1198995D00EBDE16 /* MMVoteDataSource.m */,
			);
			name = "Data Source";
			sourceTree = "<group>";
		};
		1563F6551198985D00EBDE16 /* Model */ = {
			isa = PBXGroup;
			children = (
				1563F6561198988B00EBDE16 /* MMVoteModel.h */,
				1563F6571198988B00EBDE16 /* MMVoteModel.m */,
				15937D4F119CACBA00A1CBA8 /* MMSendVoteModel.h */,
				15937D50119CACBA00A1CBA8 /* MMSendVoteModel.m */,
			);
			name = Model;
			sourceTree = "<group>";
		};
		1563FA8B119A0CDB00EBDE16 /* Images */ = {
			isa = PBXGroup;
			children = (
				1563FA8C119A0CDB00EBDE16 /* default_cover.png */,
				1563FA8D119A0CDB00EBDE16 /* icon_artist.png */,
				1563FA8E119A0CDB00EBDE16 /* icon_disc.png */,
				1563FA8F119A0CDB00EBDE16 /* icon_time.png */,
				1563FA90119A0CDB00EBDE16 /* icon_track.png */,
			);
			name = Images;
			path = Resources/Images;
			sourceTree = "<group>";
		};
		15937DE4119DB60C00A1CBA8 /* Delegate */ = {
			isa = PBXGroup;
			children = (
				15937DE5119DB62200A1CBA8 /* MMSendVoteDelegate.h */,
				15937DE6119DB62200A1CBA8 /* MMSendVoteDelegate.m */,
			);
			name = Delegate;
			sourceTree = "<group>";
		};
		19C28FACFE9D520D11CA2CBB /* Products */ = {
			isa = PBXGroup;
			children = (
				1D6058910D05DD3D006BFB54 /* mmiphone.app */,
			);
			name = Products;
			sourceTree = "<group>";
		};
		29B97314FDCFA39411CA2CEA /* CustomTemplate */ = {
			isa = PBXGroup;
			children = (
				1563ED48119597F300EBDE16 /* Atlas */,
				080E96DDFE201D6D7F000001 /* Classes */,
				29B97315FDCFA39411CA2CEA /* Other Sources */,
				29B97317FDCFA39411CA2CEA /* Resources */,
				6EF963BC118E96B7003902E7 /* Dependencies */,
				29B97323FDCFA39411CA2CEA /* Frameworks */,
				19C28FACFE9D520D11CA2CBB /* Products */,
			);
			name = CustomTemplate;
			sourceTree = "<group>";
		};
		29B97315FDCFA39411CA2CEA /* Other Sources */ = {
			isa = PBXGroup;
			children = (
				32CA4F630368D1EE00C91783 /* mmiphone_Prefix.pch */,
				29B97316FDCFA39411CA2CEA /* main.m */,
			);
			name = "Other Sources";
			sourceTree = "<group>";
		};
		29B97317FDCFA39411CA2CEA /* Resources */ = {
			isa = PBXGroup;
			children = (
				159381A8119EB66100A1CBA8 /* Localizable.strings */,
				1563FA8B119A0CDB00EBDE16 /* Images */,
				1563F17F1196E3C000EBDE16 /* Settings.bundle */,
				1563F1151196D79800EBDE16 /* Icon.png */,
				EB383D1010BBFC630000B2D2 /* Three20.bundle */,
				28C3AD890F43EF2300507BA6 /* mmiphone.xcdatamodel */,
				150F1644119EE7EA00F0605A /* mmiphone-Info.plist */,
			);
			name = Resources;
			sourceTree = "<group>";
		};
		29B97323FDCFA39411CA2CEA /* Frameworks */ = {
			isa = PBXGroup;
			children = (
				1DF5F4DF0D08C38300B7A737 /* UIKit.framework */,
				1D30AB110D05D00D00671497 /* Foundation.framework */,
				288765A40DF7441C002DB57D /* CoreGraphics.framework */,
				28D801B30F44B63D00FB423F /* CoreData.framework */,
				EB383C1310BBF8C70000B2D2 /* QuartzCore.framework */,
			);
			name = Frameworks;
			sourceTree = "<group>";
		};
		6EF963BC118E96B7003902E7 /* Dependencies */ = {
			isa = PBXGroup;
			children = (
				1563F321119720AC00EBDE16 /* extThree20XML.xcodeproj */,
				1563ED18119596C400EBDE16 /* extThree20JSON.xcodeproj */,
				6EF963BD118E96C9003902E7 /* Three20.xcodeproj */,
			);
			name = Dependencies;
			sourceTree = "<group>";
		};
		6EF963BE118E96C9003902E7 /* Products */ = {
			isa = PBXGroup;
			children = (
				6EF963E9118E96CA003902E7 /* libThree20.a */,
				6EF963EB118E96CA003902E7 /* UnitTests.octest */,
			);
			name = Products;
			sourceTree = "<group>";
		};
/* End PBXGroup section */

/* Begin PBXNativeTarget section */
		1D6058900D05DD3D006BFB54 /* mmiphone */ = {
			isa = PBXNativeTarget;
			buildConfigurationList = 1D6058960D05DD3E006BFB54 /* Build configuration list for PBXNativeTarget "mmiphone" */;
			buildPhases = (
				1D60588D0D05DD3D006BFB54 /* Resources */,
				1D60588E0D05DD3D006BFB54 /* Sources */,
				1D60588F0D05DD3D006BFB54 /* Frameworks */,
			);
			buildRules = (
			);
			dependencies = (
				6EF963EE118E96CF003902E7 /* PBXTargetDependency */,
				1563ED341195974D00EBDE16 /* PBXTargetDependency */,
				1563F331119720C600EBDE16 /* PBXTargetDependency */,
			);
			name = mmiphone;
			productName = mmiphone;
			productReference = 1D6058910D05DD3D006BFB54 /* mmiphone.app */;
			productType = "com.apple.product-type.application";
		};
/* End PBXNativeTarget section */

/* Begin PBXProject section */
		29B97313FDCFA39411CA2CEA /* Project object */ = {
			isa = PBXProject;
			buildConfigurationList = C01FCF4E08A954540054247B /* Build configuration list for PBXProject "mmiphone" */;
			compatibilityVersion = "Xcode 3.1";
			hasScannedForEncodings = 1;
			knownRegions = (
				English,
				Japanese,
				French,
				German,
				sv,
			);
			mainGroup = 29B97314FDCFA39411CA2CEA /* CustomTemplate */;
			projectDirPath = "";
			projectReferences = (
				{
					ProductGroup = 1563ED19119596C400EBDE16 /* Products */;
					ProjectRef = 1563ED18119596C400EBDE16 /* extThree20JSON.xcodeproj */;
				},
				{
					ProductGroup = 1563F322119720AC00EBDE16 /* Products */;
					ProjectRef = 1563F321119720AC00EBDE16 /* extThree20XML.xcodeproj */;
				},
				{
					ProductGroup = 6EF963BE118E96C9003902E7 /* Products */;
					ProjectRef = 6EF963BD118E96C9003902E7 /* Three20.xcodeproj */;
				},
			);
			projectRoot = "";
			targets = (
				1D6058900D05DD3D006BFB54 /* mmiphone */,
			);
		};
/* End PBXProject section */

/* Begin PBXReferenceProxy section */
		1563ED1F119596C400EBDE16 /* libextThree20JSON+SBJSON.a */ = {
			isa = PBXReferenceProxy;
			fileType = archive.ar;
			path = "libextThree20JSON+SBJSON.a";
			remoteRef = 1563ED1E119596C400EBDE16 /* PBXContainerItemProxy */;
			sourceTree = BUILT_PRODUCTS_DIR;
		};
		1563ED21119596C400EBDE16 /* libextThree20JSON+YAJL.a */ = {
			isa = PBXReferenceProxy;
			fileType = archive.ar;
			path = "libextThree20JSON+YAJL.a";
			remoteRef = 1563ED20119596C400EBDE16 /* PBXContainerItemProxy */;
			sourceTree = BUILT_PRODUCTS_DIR;
		};
		1563ED23119596C400EBDE16 /* extJSONUnitTests.octest */ = {
			isa = PBXReferenceProxy;
			fileType = wrapper.cfbundle;
			path = extJSONUnitTests.octest;
			remoteRef = 1563ED22119596C400EBDE16 /* PBXContainerItemProxy */;
			sourceTree = BUILT_PRODUCTS_DIR;
		};
		1563F32C119720AC00EBDE16 /* libextThree20XML.a */ = {
			isa = PBXReferenceProxy;
			fileType = archive.ar;
			path = libextThree20XML.a;
			remoteRef = 1563F32B119720AC00EBDE16 /* PBXContainerItemProxy */;
			sourceTree = BUILT_PRODUCTS_DIR;
		};
		1563F32E119720AC00EBDE16 /* extJSONUnitTests.octest */ = {
			isa = PBXReferenceProxy;
			fileType = wrapper.cfbundle;
			path = extJSONUnitTests.octest;
			remoteRef = 1563F32D119720AC00EBDE16 /* PBXContainerItemProxy */;
			sourceTree = BUILT_PRODUCTS_DIR;
		};
		6EF963E9118E96CA003902E7 /* libThree20.a */ = {
			isa = PBXReferenceProxy;
			fileType = archive.ar;
			path = libThree20.a;
			remoteRef = 6EF963E8118E96CA003902E7 /* PBXContainerItemProxy */;
			sourceTree = BUILT_PRODUCTS_DIR;
		};
		6EF963EB118E96CA003902E7 /* UnitTests.octest */ = {
			isa = PBXReferenceProxy;
			fileType = wrapper.cfbundle;
			path = UnitTests.octest;
			remoteRef = 6EF963EA118E96CA003902E7 /* PBXContainerItemProxy */;
			sourceTree = BUILT_PRODUCTS_DIR;
		};
/* End PBXReferenceProxy section */

/* Begin PBXResourcesBuildPhase section */
		1D60588D0D05DD3D006BFB54 /* Resources */ = {
			isa = PBXResourcesBuildPhase;
			buildActionMask = 2147483647;
			files = (
				EB383D1110BBFC630000B2D2 /* Three20.bundle in Resources */,
				1563F1171196D79800EBDE16 /* Icon.png in Resources */,
				1563F1801196E3C000EBDE16 /* Settings.bundle in Resources */,
				1563FA91119A0CDB00EBDE16 /* default_cover.png in Resources */,
				1563FA92119A0CDB00EBDE16 /* icon_artist.png in Resources */,
				1563FA93119A0CDB00EBDE16 /* icon_disc.png in Resources */,
				1563FA94119A0CDB00EBDE16 /* icon_time.png in Resources */,
				1563FA95119A0CDB00EBDE16 /* icon_track.png in Resources */,
				159381AA119EB66100A1CBA8 /* Localizable.strings in Resources */,
			);
			runOnlyForDeploymentPostprocessing = 0;
		};
/* End PBXResourcesBuildPhase section */

/* Begin PBXSourcesBuildPhase section */
		1D60588E0D05DD3D006BFB54 /* Sources */ = {
			isa = PBXSourcesBuildPhase;
			buildActionMask = 2147483647;
			files = (
				1D60589B0D05DD56006BFB54 /* main.m in Sources */,
				28C3AD8A0F43EF2300507BA6 /* mmiphone.xcdatamodel in Sources */,
				EB383C0610BBF8A40000B2D2 /* AppDelegate.m in Sources */,
				1563EC40119581F900EBDE16 /* MMStatusViewController.m in Sources */,
				1563EC43119582E000EBDE16 /* MMStatusDataSource.m in Sources */,
				1563EC541195849000EBDE16 /* MMStatus.m in Sources */,
				1563EC591195889400EBDE16 /* MMStatusModel.m in Sources */,
				1563ED4B119597FF00EBDE16 /* Atlas.m in Sources */,
				1563EE5E1195AC3100EBDE16 /* MMTrack.m in Sources */,
				1563F1B01196F54200EBDE16 /* MMPlaylistTrack.m in Sources */,
				1563F1E51196FD2900EBDE16 /* MMSearchViewController.m in Sources */,
				1563F28A11970ACF00EBDE16 /* MMSearchDataSource.m in Sources */,
				1563F29011970CE000EBDE16 /* MMSearchModel.m in Sources */,
				1563F5E41198725E00EBDE16 /* MMVoteViewController.m in Sources */,
				1563F63A119896BB00EBDE16 /* MMXmlTrackParser.m in Sources */,
				1563F6581198988B00EBDE16 /* MMVoteModel.m in Sources */,
				1563F65D1198995D00EBDE16 /* MMVoteDataSource.m in Sources */,
				1563FE60119C6CEC00EBDE16 /* MMUser.m in Sources */,
				15937D51119CACBA00A1CBA8 /* MMSendVoteModel.m in Sources */,
				15937DE7119DB62200A1CBA8 /* MMSendVoteDelegate.m in Sources */,
				150F192311A0221B00F0605A /* MMTableTrackItem.m in Sources */,
				150F192611A022F300F0605A /* MMTableTrackItemCell.m in Sources */,
				150F1A1111A02E7000F0605A /* MMTableTrackDetailItem.m in Sources */,
				150F1A1411A02E8400F0605A /* MMTableTrackDetailItemCell.m in Sources */,
			);
			runOnlyForDeploymentPostprocessing = 0;
		};
/* End PBXSourcesBuildPhase section */

/* Begin PBXTargetDependency section */
		1563ED341195974D00EBDE16 /* PBXTargetDependency */ = {
			isa = PBXTargetDependency;
			name = "extThree20JSON+YAJL";
			targetProxy = 1563ED331195974D00EBDE16 /* PBXContainerItemProxy */;
		};
		1563F331119720C600EBDE16 /* PBXTargetDependency */ = {
			isa = PBXTargetDependency;
			name = extThree20XML;
			targetProxy = 1563F330119720C600EBDE16 /* PBXContainerItemProxy */;
		};
		6EF963EE118E96CF003902E7 /* PBXTargetDependency */ = {
			isa = PBXTargetDependency;
			name = Three20;
			targetProxy = 6EF963ED118E96CF003902E7 /* PBXContainerItemProxy */;
		};
/* End PBXTargetDependency section */

/* Begin PBXVariantGroup section */
		150F1644119EE7EA00F0605A /* mmiphone-Info.plist */ = {
			isa = PBXVariantGroup;
			children = (
				8D1107310486CEB800E47090 /* English */,
				150F1646119EE7F600F0605A /* sv */,
			);
			name = "mmiphone-Info.plist";
			sourceTree = "<group>";
		};
		159381A8119EB66100A1CBA8 /* Localizable.strings */ = {
			isa = PBXVariantGroup;
			children = (
				159381A9119EB66100A1CBA8 /* English */,
				159381AE119EB6C900A1CBA8 /* sv */,
			);
			name = Localizable.strings;
			sourceTree = "<group>";
		};
/* End PBXVariantGroup section */

/* Begin XCBuildConfiguration section */
		1D6058940D05DD3E006BFB54 /* Debug */ = {
			isa = XCBuildConfiguration;
			buildSettings = {
				ALWAYS_SEARCH_USER_PATHS = NO;
				COPY_PHASE_STRIP = NO;
				FRAMEWORK_SEARCH_PATHS = "$(inherited)";
				GCC_DYNAMIC_NO_PIC = NO;
				GCC_OPTIMIZATION_LEVEL = 0;
				GCC_PRECOMPILE_PREFIX_HEADER = YES;
				GCC_PREFIX_HEADER = mmiphone_Prefix.pch;
				GCC_PREPROCESSOR_DEFINITIONS = (
					"TTMAXLOGLEVEL=TTLOGLEVEL_INFO",
					DEBUG,
				);
				HEADER_SEARCH_PATHS = (
					../three20/Build/Products/three20,
					../three20/src/extThree20JSON/Vendors/YAJL,
					"../three20/src/extThree20JSON/Vendors/YAJL/yajl-1.0.9/src/api",
				);
				INFOPLIST_FILE = "English.lproj/mmiphone-Info.plist";
				OTHER_LDFLAGS = (
					"-all_load",
					"-ObjC",
				);
				PRODUCT_NAME = mmiphone;
			};
			name = Debug;
		};
		1D6058950D05DD3E006BFB54 /* Release */ = {
			isa = XCBuildConfiguration;
			buildSettings = {
				ALWAYS_SEARCH_USER_PATHS = NO;
				COPY_PHASE_STRIP = YES;
				FRAMEWORK_SEARCH_PATHS = "$(inherited)";
				GCC_PRECOMPILE_PREFIX_HEADER = YES;
				GCC_PREFIX_HEADER = mmiphone_Prefix.pch;
				HEADER_SEARCH_PATHS = (
					../three20/Build/Products/three20,
					../three20/src/extThree20JSON/Vendors/YAJL,
					"../three20/src/extThree20JSON/Vendors/YAJL/yajl-1.0.9/src/api",
				);
				INFOPLIST_FILE = "English.lproj/mmiphone-Info.plist";
				OTHER_LDFLAGS = (
					"-all_load",
					"-ObjC",
				);
				PRODUCT_NAME = mmiphone;
			};
			name = Release;
		};
		C01FCF4F08A954540054247B /* Debug */ = {
			isa = XCBuildConfiguration;
			buildSettings = {
				ARCHS = "$(ARCHS_STANDARD_32_BIT)";
				"CODE_SIGN_IDENTITY[sdk=iphoneos*]" = "iPhone Developer";
				GCC_C_LANGUAGE_STANDARD = c99;
				GCC_PREPROCESSOR_DEFINITIONS = DEBUG;
				GCC_WARN_ABOUT_RETURN_TYPE = YES;
				GCC_WARN_UNUSED_VARIABLE = YES;
				PREBINDING = NO;
				SDKROOT = iphoneos3.1.2;
			};
			name = Debug;
		};
		C01FCF5008A954540054247B /* Release */ = {
			isa = XCBuildConfiguration;
			buildSettings = {
				ARCHS = "$(ARCHS_STANDARD_32_BIT)";
				"CODE_SIGN_IDENTITY[sdk=iphoneos*]" = "iPhone Developer";
				GCC_C_LANGUAGE_STANDARD = c99;
				GCC_WARN_ABOUT_RETURN_TYPE = YES;
				GCC_WARN_UNUSED_VARIABLE = YES;
				PREBINDING = NO;
				SDKROOT = iphoneos3.1.2;
			};
			name = Release;
		};
/* End XCBuildConfiguration section */

/* Begin XCConfigurationList section */
		1D6058960D05DD3E006BFB54 /* Build configuration list for PBXNativeTarget "mmiphone" */ = {
			isa = XCConfigurationList;
			buildConfigurations = (
				1D6058940D05DD3E006BFB54 /* Debug */,
				1D6058950D05DD3E006BFB54 /* Release */,
			);
			defaultConfigurationIsVisible = 0;
			defaultConfigurationName = Release;
		};
		C01FCF4E08A954540054247B /* Build configuration list for PBXProject "mmiphone" */ = {
			isa = XCConfigurationList;
			buildConfigurations = (
				C01FCF4F08A954540054247B /* Debug */,
				C01FCF5008A954540054247B /* Release */,
			);
			defaultConfigurationIsVisible = 0;
			defaultConfigurationName = Release;
		};
/* End XCConfigurationList section */
	};
	rootObject = 29B97313FDCFA39411CA2CEA /* Project object */;
}
